<?xml version="1.0" encoding="utf-8"?>
<Project ToolsVersion="4.0" xmlns="http://schemas.microsoft.com/developer/msbuild/2003">
  <ItemGroup>
    <None Include="packages.config" />
  </ItemGroup>
  <ItemGroup>
    <Filter Include="flow">
      <UniqueIdentifier>{a02851fc-bfe6-457e-9519-6e846477cdbd}</UniqueIdentifier>
    </Filter>
    <Filter Include="flow\concurrent">
      <UniqueIdentifier>{7602d020-8d7f-4f5e-80ac-995acdc21de5}</UniqueIdentifier>
    </Filter>
    <Filter Include="flow\memory">
      <UniqueIdentifier>{5f5fec95-2d04-47d9-bd9e-9735064a4f54}</UniqueIdentifier>
    </Filter>
    <Filter Include="flow\algorithm">
      <UniqueIdentifier>{cae183dc-1e58-4f1a-bbee-67c86ce28fa9}</UniqueIdentifier>
    </Filter>
    <Filter Include="flow\iterator">
      <UniqueIdentifier>{29c05987-b217-41de-8804-7ba4f30b02b1}</UniqueIdentifier>
    </Filter>
    <Filter Include="flow\memory\memory_resource">
      <UniqueIdentifier>{9de310fb-26aa-4e52-93c5-206e134e685b}</UniqueIdentifier>
    </Filter>
  </ItemGroup>
  <ItemGroup>
    <ClCompile Include="flow_vector.t.cpp">
      <Filter>flow</Filter>
    </ClCompile>
    <ClCompile Include="flow_concurrent_flex_queue.t.cpp">
      <Filter>flow\concurrent</Filter>
    </ClCompile>
    <ClCompile Include="flow_concurrent_queue.t.cpp">
      <Filter>flow\concurrent</Filter>
    </ClCompile>
    <ClCompile Include="flow_memory_algorithm.t.cpp">
      <Filter>flow\algorithm</Filter>
    </ClCompile>
    <ClCompile Include="flow_counted_value_view_iterator.t.cpp">
      <Filter>flow\iterator</Filter>
    </ClCompile>
    <ClCompile Include="flow_random_algorithm.t.cpp">
      <Filter>flow\algorithm</Filter>
    </ClCompile>
    <ClCompile Include="flow_stack_memory_resource.t.cpp">
      <Filter>flow\memory\memory_resource</Filter>
    </ClCompile>
    <ClCompile Include="flow_arena_memory_resource.t.cpp">
      <Filter>flow\memory\memory_resource</Filter>
    </ClCompile>
    <ClCompile Include="flow_memory_resource.t.cpp">
      <Filter>flow\memory\memory_resource</Filter>
    </ClCompile>
    <ClCompile Include="flow_pool_memory_resource.t.cpp">
      <Filter>flow\memory\memory_resource</Filter>
    </ClCompile>
  </ItemGroup>
</Project>