<?xml version="1.0" encoding="utf-8"?>
<Project ToolsVersion="4.0" xmlns="http://schemas.microsoft.com/developer/msbuild/2003">
  <ItemGroup>
    <ClCompile Include="practice.cpp" />
    <ClCompile Include="pure_c.c" />
    <ClCompile Include="time.cpp">
      <Filter>Box</Filter>
    </ClCompile>
    <ClCompile Include="random.cpp">
      <Filter>Box</Filter>
    </ClCompile>
    <ClCompile Include="memory.cpp">
      <Filter>Box</Filter>
    </ClCompile>
  </ItemGroup>
  <ItemGroup>
    <Filter Include="DataStructure">
      <UniqueIdentifier>{3683ffae-e6ce-425e-8060-5492b7018102}</UniqueIdentifier>
    </Filter>
    <Filter Include="Box">
      <UniqueIdentifier>{bd0ac8b8-d301-4000-aa62-f7d68cb3ccc0}</UniqueIdentifier>
    </Filter>
  </ItemGroup>
  <ItemGroup>
    <ClInclude Include="time.h">
      <Filter>Box</Filter>
    </ClInclude>
    <ClInclude Include="random.h">
      <Filter>Box</Filter>
    </ClInclude>
    <ClInclude Include="memory.h">
      <Filter>Box</Filter>
    </ClInclude>
    <ClInclude Include="Tuple.h">
      <Filter>DataStructure</Filter>
    </ClInclude>
    <ClInclude Include="AVLTree.h">
      <Filter>DataStructure</Filter>
    </ClInclude>
    <ClInclude Include="BinaryHeap.h">
      <Filter>DataStructure</Filter>
    </ClInclude>
    <ClInclude Include="BinomialHeap.h">
      <Filter>DataStructure</Filter>
    </ClInclude>
    <ClInclude Include="DisjointSet.h">
      <Filter>DataStructure</Filter>
    </ClInclude>
    <ClInclude Include="DynamicArray.h">
      <Filter>DataStructure</Filter>
    </ClInclude>
    <ClInclude Include="LinkedList.h">
      <Filter>DataStructure</Filter>
    </ClInclude>
    <ClInclude Include="PSDA.h">
      <Filter>DataStructure</Filter>
    </ClInclude>
    <ClInclude Include="RandomMeldableHeap.h">
      <Filter>DataStructure</Filter>
    </ClInclude>
    <ClInclude Include="Trie.h">
      <Filter>DataStructure</Filter>
    </ClInclude>
    <ClInclude Include="SparseTable.h">
      <Filter>DataStructure</Filter>
    </ClInclude>
    <ClInclude Include="SkipList.h">
      <Filter>DataStructure</Filter>
    </ClInclude>
    <ClInclude Include="SegmentTree.h">
      <Filter>DataStructure</Filter>
    </ClInclude>
  </ItemGroup>
</Project>