<?xml version="1.0" encoding="utf-8"?>
<Project ToolsVersion="4.0" xmlns="http://schemas.microsoft.com/developer/msbuild/2003">
  <ItemGroup>
    <ClCompile Include="Source.cpp" />
    <ClCompile Include="BinaryHeap.cpp">
      <Filter>BinaryHeap</Filter>
    </ClCompile>
    <ClCompile Include="Timer.cpp">
      <Filter>Timer</Filter>
    </ClCompile>
    <ClCompile Include="Stack.cpp">
      <Filter>Stack</Filter>
    </ClCompile>
    <ClCompile Include="ForwardList.cpp">
      <Filter>ForwardList</Filter>
    </ClCompile>
    <ClCompile Include="debug.cpp">
      <Filter>debug</Filter>
    </ClCompile>
  </ItemGroup>
  <ItemGroup>
    <Filter Include="BinaryHeap">
      <UniqueIdentifier>{4a7df4f6-f78d-4cdf-91f9-bf33a705eebe}</UniqueIdentifier>
    </Filter>
    <Filter Include="Timer">
      <UniqueIdentifier>{65c0fcba-4407-46e1-b958-52c198e7757a}</UniqueIdentifier>
    </Filter>
    <Filter Include="Stack">
      <UniqueIdentifier>{017f88f7-d72d-48f7-8275-a1555c3933bd}</UniqueIdentifier>
    </Filter>
    <Filter Include="ForwardList">
      <UniqueIdentifier>{9cdf970f-208f-425a-ab66-1ec250edd34d}</UniqueIdentifier>
    </Filter>
    <Filter Include="SparseTable">
      <UniqueIdentifier>{4607936a-fefe-4945-aac3-bd021d7834cf}</UniqueIdentifier>
    </Filter>
    <Filter Include="SegmentTree">
      <UniqueIdentifier>{de117e4e-1cfa-4945-ad79-f29894844827}</UniqueIdentifier>
    </Filter>
    <Filter Include="DisjointSet">
      <UniqueIdentifier>{5dcbd076-1cd4-4479-82a1-577114fae98e}</UniqueIdentifier>
    </Filter>
    <Filter Include="PrefixSumArray">
      <UniqueIdentifier>{a74e04ad-bd41-4f5e-8488-e93ad6bce616}</UniqueIdentifier>
    </Filter>
    <Filter Include="DifferenceArray">
      <UniqueIdentifier>{4f7b8daa-2e37-41d3-9918-0ac3a5e7f29c}</UniqueIdentifier>
    </Filter>
    <Filter Include="DoublyLinkedList">
      <UniqueIdentifier>{08b7cfa7-f8ec-4b1c-9daf-032d351ea90e}</UniqueIdentifier>
    </Filter>
    <Filter Include="AVLTree">
      <UniqueIdentifier>{845f6a9c-ba21-4373-914f-fbd20469a60c}</UniqueIdentifier>
    </Filter>
    <Filter Include="HashTable">
      <UniqueIdentifier>{1207a45f-33c8-4044-9198-cbdc36abba55}</UniqueIdentifier>
    </Filter>
    <Filter Include="SplayTree">
      <UniqueIdentifier>{d52737c4-9a2f-4411-881d-12801d302600}</UniqueIdentifier>
    </Filter>
    <Filter Include="debug">
      <UniqueIdentifier>{bd0ac8b8-d301-4000-aa62-f7d68cb3ccc0}</UniqueIdentifier>
    </Filter>
  </ItemGroup>
  <ItemGroup>
    <ClInclude Include="BinaryHeap.h">
      <Filter>BinaryHeap</Filter>
    </ClInclude>
    <ClInclude Include="Timer.h">
      <Filter>Timer</Filter>
    </ClInclude>
    <ClInclude Include="Stack.h">
      <Filter>Stack</Filter>
    </ClInclude>
    <ClInclude Include="ForwardList.h">
      <Filter>ForwardList</Filter>
    </ClInclude>
    <ClInclude Include="debug.h">
      <Filter>debug</Filter>
    </ClInclude>
  </ItemGroup>
</Project>